// !$*UTF8*$!
{
	archiveVersion = 1;
	classes = {
	};
	objectVersion = 46;
	objects = {

/* Begin PBXBuildFile section */
		AC18DD791A3B005000ED1DF4 /* main.c in Sources */ = {isa = PBXBuildFile; fileRef = AC18DD781A3B005000ED1DF4 /* main.c */; };
		AC18DD7B1A3B005000ED1DF4 /* prova.1 in CopyFiles */ = {isa = PBXBuildFile; fileRef = AC18DD7A1A3B005000ED1DF4 /* prova.1 */; };
/* End PBXBuildFile section */

/* Begin PBXCopyFilesBuildPhase section */
		AC18DD731A3B005000ED1DF4 /* CopyFiles */ = {
			isa = PBXCopyFilesBuildPhase;
			buildActionMask = 2147483647;
			dstPath = /usr/share/man/man1/;
			dstSubfolderSpec = 0;
			files = (
				AC18DD7B1A3B005000ED1DF4 /* prova.1 in CopyFiles */,
			);
			runOnlyForDeploymentPostprocessing = 1;
		};
/* End PBXCopyFilesBuildPhase section */

/* Begin PBXFileReference section */
		AC18DD751A3B005000ED1DF4 /* prova */ = {isa = PBXFileReference; explicitFileType = "compiled.mach-o.executable"; includeInIndex = 0; path = prova; sourceTree = BUILT_PRODUCTS_DIR; };
		AC18DD781A3B005000ED1DF4 /* main.c */ = {isa = PBXFileReference; lastKnownFileType = sourcecode.c.c; path = main.c; sourceTree = "<group>"; };
		AC18DD7A1A3B005000ED1DF4 /* prova.1 */ = {isa = PBXFileReference; lastKnownFileType = text.man; path = prova.1; sourceTree = "<group>"; };
/* End PBXFileReference section */

/* Begin PBXFrameworksBuildPhase section */
		AC18DD721A3B005000ED1DF4 /* Frameworks */ = {
			isa = PBXFrameworksBuildPhase;
			buildActionMask = 2147483647;
			files = (
			);
			runOnlyForDeploymentPostprocessing = 0;
		};
/* End PBXFrameworksBuildPhase section */

/* Begin PBXGroup section */
		AC18DD6C1A3B005000ED1DF4 = {
			isa = PBXGroup;
			children = (
				AC18DD771A3B005000ED1DF4 /* prova */,
				AC18DD761A3B005000ED1DF4 /* Products */,
			);
			sourceTree = "<group>";
		};
		AC18DD761A3B005000ED1DF4 /* Products */ = {
			isa = PBXGroup;
			children = (
				AC18DD751A3B005000ED1DF4 /* prova */,
			);
			name = Products;
			sourceTree = "<group>";
		};
		AC18DD771A3B005000ED1DF4 /* prova */ = {
			isa = PBXGroup;
			children = (
				AC18DD781A3B005000ED1DF4 /* main.c */,
				AC18DD7A1A3B005000ED1DF4 /* prova.1 */,
			);
			path = prova;
			sourceTree = "<group>";
		};
/* End PBXGroup section */

/* Begin PBXNativeTarget section */
		AC18DD741A3B005000ED1DF4 /* prova */ = {
			isa = PBXNativeTarget;
			buildConfigurationList = AC18DD7E1A3B005000ED1DF4 /* Build configuration list for PBXNativeTarget "prova" */;
			buildPhases = (
				AC18DD711A3B005000ED1DF4 /* Sources */,
				AC18DD721A3B005000ED1DF4 /* Frameworks */,
				AC18DD731A3B005000ED1DF4 /* CopyFiles */,
			);
			buildRules = (
			);
			dependencies = (
			);
			name = prova;
			productName = prova;
			productReference = AC18DD751A3B005000ED1DF4 /* prova */;
			productType = "com.apple.product-type.tool";
		};
/* End PBXNativeTarget section */

/* Begin PBXProject section */
		AC18DD6D1A3B005000ED1DF4 /* Project object */ = {
			isa = PBXProject;
			attributes = {
				LastUpgradeCheck = 0510;
				ORGANIZATIONNAME = Mirko;
			};
			buildConfigurationList = AC18DD701A3B005000ED1DF4 /* Build configuration list for PBXProject "prova" */;
			compatibilityVersion = "Xcode 3.2";
			developmentRegion = English;
			hasScannedForEncodings = 0;
			knownRegions = (
				en,
			);
			mainGroup = AC18DD6C1A3B005000ED1DF4;
			productRefGroup = AC18DD761A3B005000ED1DF4 /* Products */;
			projectDirPath = "";
			projectRoot = "";
			targets = (
				AC18DD741A3B005000ED1DF4 /* prova */,
			);
		};
/* End PBXProject section */

/* Begin PBXSourcesBuildPhase section */
		AC18DD711A3B005000ED1DF4 /* Sources */ = {
			isa = PBXSourcesBuildPhase;
			buildActionMask = 2147483647;
			files = (
				AC18DD791A3B005000ED1DF4 /* main.c in Sources */,
			);
			runOnlyForDeploymentPostprocessing = 0;
		};
/* End PBXSourcesBuildPhase section */

/* Begin XCBuildConfiguration section */
		AC18DD7C1A3B005000ED1DF4 /* Debug */ = {
			isa = XCBuildConfiguration;
			buildSettings = {
				ALWAYS_SEARCH_USER_PATHS = NO;
				CLANG_CXX_LANGUAGE_STANDARD = "gnu++0x";
				CLANG_CXX_LIBRARY = "libc++";
				CLANG_ENABLE_MODULES = YES;
				CLANG_ENABLE_OBJC_ARC = YES;
				CLANG_WARN_BOOL_CONVERSION = YES;
				CLANG_WARN_CONSTANT_CONVERSION = YES;
				CLANG_WARN_DIRECT_OBJC_ISA_USAGE = YES_ERROR;
				CLANG_WARN_EMPTY_BODY = YES;
				CLANG_WARN_ENUM_CONVERSION = YES;
				CLANG_WARN_INT_CONVERSION = YES;
				CLANG_WARN_OBJC_ROOT_CLASS = YES_ERROR;
				CLANG_WARN__DUPLICATE_METHOD_MATCH = YES;
				COPY_PHASE_STRIP = NO;
				GCC_C_LANGUAGE_STANDARD = gnu99;
				GCC_DYNAMIC_NO_PIC = NO;
				GCC_ENABLE_OBJC_EXCEPTIONS = YES;
				GCC_OPTIMIZATION_LEVEL = 0;
				GCC_PREPROCESSOR_DEFINITIONS = (
					"DEBUG=1",
					"$(inherited)",
				);
				GCC_SYMBOLS_PRIVATE_EXTERN = NO;
				GCC_WARN_64_TO_32_BIT_CONVERSION = YES;
				GCC_WARN_ABOUT_RETURN_TYPE = YES_ERROR;
				GCC_WARN_UNDECLARED_SELECTOR = YES;
				GCC_WARN_UNINITIALIZED_AUTOS = YES_AGGRESSIVE;
				GCC_WARN_UNUSED_FUNCTION = YES;
				GCC_WARN_UNUSED_VARIABLE = YES;
				MACOSX_DEPLOYMENT_TARGET = 10.8;
				ONLY_ACTIVE_ARCH = YES;
				SDKROOT = macosx;
			};
			name = Debug;
		};
		AC18DD7D1A3B005000ED1DF4 /* Release */ = {
			isa = XCBuildConfiguration;
			buildSettings = {
				ALWAYS_SEARCH_USER_PATHS = NO;
				CLANG_CXX_LANGUAGE_STANDARD = "gnu++0x";
				CLANG_CXX_LIBRARY = "libc++";
				CLANG_ENABLE_MODULES = YES;
				CLANG_ENABLE_OBJC_ARC = YES;
				CLANG_WARN_BOOL_CONVERSION = YES;
				CLANG_WARN_CONSTANT_CONVERSION = YES;
				CLANG_WARN_DIRECT_OBJC_ISA_USAGE = YES_ERROR;
				CLANG_WARN_EMPTY_BODY = YES;
				CLANG_WARN_ENUM_CONVERSION = YES;
				CLANG_WARN_INT_CONVERSION = YES;
				CLANG_WARN_OBJC_ROOT_CLASS = YES_ERROR;
				CLANG_WARN__DUPLICATE_METHOD_MATCH = YES;
				COPY_PHASE_STRIP = YES;
				DEBUG_INFORMATION_FORMAT = "dwarf-with-dsym";
				ENABLE_NS_ASSERTIONS = NO;
				GCC_C_LANGUAGE_STANDARD = gnu99;
				GCC_ENABLE_OBJC_EXCEPTIONS = YES;
				GCC_WARN_64_TO_32_BIT_CONVERSION = YES;
				GCC_WARN_ABOUT_RETURN_TYPE = YES_ERROR;
				GCC_WARN_UNDECLARED_SELECTOR = YES;
				GCC_WARN_UNINITIALIZED_AUTOS = YES_AGGRESSIVE;
				GCC_WARN_UNUSED_FUNCTION = YES;
				GCC_WARN_UNUSED_VARIABLE = YES;
				MACOSX_DEPLOYMENT_TARGET = 10.8;
				SDKROOT = macosx;
			};
			name = Release;
		};
		AC18DD7F1A3B005000ED1DF4 /* Debug */ = {
			isa = XCBuildConfiguration;
			buildSettings = {
				PRODUCT_NAME = "$(TARGET_NAME)";
			};
			name = Debug;
		};
		AC18DD801A3B005000ED1DF4 /* Release */ = {
			isa = XCBuildConfiguration;
			buildSettings = {
				PRODUCT_NAME = "$(TARGET_NAME)";
			};
			name = Release;
		};
/* End XCBuildConfiguration section */

/* Begin XCConfigurationList section */
		AC18DD701A3B005000ED1DF4 /* Build configuration list for PBXProject "prova" */ = {
			isa = XCConfigurationList;
			buildConfigurations = (
				AC18DD7C1A3B005000ED1DF4 /* Debug */,
				AC18DD7D1A3B005000ED1DF4 /* Release */,
			);
			defaultConfigurationIsVisible = 0;
			defaultConfigurationName = Release;
		};
		AC18DD7E1A3B005000ED1DF4 /* Build configuration list for PBXNativeTarget "prova" */ = {
			isa = XCConfigurationList;
			buildConfigurations = (
				AC18DD7F1A3B005000ED1DF4 /* Debug */,
				AC18DD801A3B005000ED1DF4 /* Release */,
			);
			defaultConfigurationIsVisible = 0;
		};
/* End XCConfigurationList section */
	};
	rootObject = AC18DD6D1A3B005000ED1DF4 /* Project object */;
}
